
Microsoft Visual Studio Solution File, Format Version 12.00
# Visual Studio Version 16
VisualStudioVersion = 16.0.30104.148
MinimumVisualStudioVersion = 10.0.40219.1
Project("{FAE04EC0-301F-11D3-BF4B-00C04F79EFBC}") = "AutomationTest1", "AutomationTest1.csproj", "{2ABB5B82-3A37-49EF-B31E-87C5CCB8A3D9}"
EndProject
Global
	GlobalSection(SolutionConfigurationPlatforms) = preSolution
		Debug|Any CPU = Debug|Any CPU
		Release|Any CPU = Release|Any CPU
	EndGlobalSection
	GlobalSection(ProjectConfigurationPlatforms) = postSolution
		{2ABB5B82-3A37-49EF-B31E-87C5CCB8A3D9}.Debug|Any CPU.ActiveCfg = Debug|Any CPU
		{2ABB5B82-3A37-49EF-B31E-87C5CCB8A3D9}.Debug|Any CPU.Build.0 = Debug|Any CPU
		{2ABB5B82-3A37-49EF-B31E-87C5CCB8A3D9}.Release|Any CPU.ActiveCfg = Release|Any CPU
		{2ABB5B82-3A37-49EF-B31E-87C5CCB8A3D9}.Release|Any CPU.Build.0 = Release|Any CPU
	EndGlobalSection
	GlobalSection(SolutionProperties) = preSolution
		HideSolutionNode = FALSE
	EndGlobalSection
	GlobalSection(ExtensibilityGlobals) = postSolution
		SolutionGuid = {843318B6-692D-4B83-B9E5-0977DB3148D0}
	EndGlobalSection
EndGlobal
